
Microsoft Visual Studio Solution File, Format Version 12.00
# TcXaeShell Solution File, Format Version 11.00
VisualStudioVersion = 15.0.34031.82
MinimumVisualStudioVersion = 10.0.40219.1
Project("{B1E792BE-AA5F-4E3C-8C82-674BF9C0715B}") = "Tc3ControlEngineeringToolbox", "Tc3ControlEngineeringToolbox\Tc3ControlEngineeringToolbox.tsproj", "{4C72B8DC-64A2-4BDE-82F8-BEA8D5FE09E5}"
EndProject
Global
	GlobalSection(SolutionConfigurationPlatforms) = preSolution
		Debug|TwinCAT OS (ARMV7-A) = Debug|TwinCAT OS (ARMV7-A)
		Debug|TwinCAT OS (ARMV7-M) = Debug|TwinCAT OS (ARMV7-M)
		Debug|TwinCAT OS (ARMV8-A) = Debug|TwinCAT OS (ARMV8-A)
		Debug|TwinCAT OS (x64) = Debug|TwinCAT OS (x64)
		Debug|TwinCAT RT (x64) = Debug|TwinCAT RT (x64)
		Debug|TwinCAT RT (x86) = Debug|TwinCAT RT (x86)
		Release|TwinCAT OS (ARMV7-A) = Release|TwinCAT OS (ARMV7-A)
		Release|TwinCAT OS (ARMV7-M) = Release|TwinCAT OS (ARMV7-M)
		Release|TwinCAT OS (ARMV8-A) = Release|TwinCAT OS (ARMV8-A)
		Release|TwinCAT OS (x64) = Release|TwinCAT OS (x64)
		Release|TwinCAT RT (x64) = Release|TwinCAT RT (x64)
		Release|TwinCAT RT (x86) = Release|TwinCAT RT (x86)
	EndGlobalSection
	GlobalSection(ProjectConfigurationPlatforms) = postSolution
		{4C72B8DC-64A2-4BDE-82F8-BEA8D5FE09E5}.Debug|TwinCAT OS (ARMV7-A).ActiveCfg = Debug|TwinCAT OS (ARMV7-A)
		{4C72B8DC-64A2-4BDE-82F8-BEA8D5FE09E5}.Debug|TwinCAT OS (ARMV7-A).Build.0 = Debug|TwinCAT OS (ARMV7-A)
		{4C72B8DC-64A2-4BDE-82F8-BEA8D5FE09E5}.Debug|TwinCAT OS (ARMV7-M).ActiveCfg = Debug|TwinCAT OS (ARMV7-M)
		{4C72B8DC-64A2-4BDE-82F8-BEA8D5FE09E5}.Debug|TwinCAT OS (ARMV7-M).Build.0 = Debug|TwinCAT OS (ARMV7-M)
		{4C72B8DC-64A2-4BDE-82F8-BEA8D5FE09E5}.Debug|TwinCAT OS (ARMV8-A).ActiveCfg = Debug|TwinCAT OS (ARMV8-A)
		{4C72B8DC-64A2-4BDE-82F8-BEA8D5FE09E5}.Debug|TwinCAT OS (ARMV8-A).Build.0 = Debug|TwinCAT OS (ARMV8-A)
		{4C72B8DC-64A2-4BDE-82F8-BEA8D5FE09E5}.Debug|TwinCAT OS (x64).ActiveCfg = Debug|TwinCAT OS (x64)
		{4C72B8DC-64A2-4BDE-82F8-BEA8D5FE09E5}.Debug|TwinCAT OS (x64).Build.0 = Debug|TwinCAT OS (x64)
		{4C72B8DC-64A2-4BDE-82F8-BEA8D5FE09E5}.Debug|TwinCAT RT (x64).ActiveCfg = Debug|TwinCAT RT (x64)
		{4C72B8DC-64A2-4BDE-82F8-BEA8D5FE09E5}.Debug|TwinCAT RT (x64).Build.0 = Debug|TwinCAT RT (x64)
		{4C72B8DC-64A2-4BDE-82F8-BEA8D5FE09E5}.Debug|TwinCAT RT (x86).ActiveCfg = Debug|TwinCAT RT (x86)
		{4C72B8DC-64A2-4BDE-82F8-BEA8D5FE09E5}.Debug|TwinCAT RT (x86).Build.0 = Debug|TwinCAT RT (x86)
		{4C72B8DC-64A2-4BDE-82F8-BEA8D5FE09E5}.Release|TwinCAT OS (ARMV7-A).ActiveCfg = Release|TwinCAT OS (ARMV7-A)
		{4C72B8DC-64A2-4BDE-82F8-BEA8D5FE09E5}.Release|TwinCAT OS (ARMV7-A).Build.0 = Release|TwinCAT OS (ARMV7-A)
		{4C72B8DC-64A2-4BDE-82F8-BEA8D5FE09E5}.Release|TwinCAT OS (ARMV7-M).ActiveCfg = Release|TwinCAT OS (ARMV7-M)
		{4C72B8DC-64A2-4BDE-82F8-BEA8D5FE09E5}.Release|TwinCAT OS (ARMV7-M).Build.0 = Release|TwinCAT OS (ARMV7-M)
		{4C72B8DC-64A2-4BDE-82F8-BEA8D5FE09E5}.Release|TwinCAT OS (ARMV8-A).ActiveCfg = Release|TwinCAT OS (ARMV8-A)
		{4C72B8DC-64A2-4BDE-82F8-BEA8D5FE09E5}.Release|TwinCAT OS (ARMV8-A).Build.0 = Release|TwinCAT OS (ARMV8-A)
		{4C72B8DC-64A2-4BDE-82F8-BEA8D5FE09E5}.Release|TwinCAT OS (x64).ActiveCfg = Release|TwinCAT OS (x64)
		{4C72B8DC-64A2-4BDE-82F8-BEA8D5FE09E5}.Release|TwinCAT OS (x64).Build.0 = Release|TwinCAT OS (x64)
		{4C72B8DC-64A2-4BDE-82F8-BEA8D5FE09E5}.Release|TwinCAT RT (x64).ActiveCfg = Release|TwinCAT RT (x64)
		{4C72B8DC-64A2-4BDE-82F8-BEA8D5FE09E5}.Release|TwinCAT RT (x64).Build.0 = Release|TwinCAT RT (x64)
		{4C72B8DC-64A2-4BDE-82F8-BEA8D5FE09E5}.Release|TwinCAT RT (x86).ActiveCfg = Release|TwinCAT RT (x86)
		{4C72B8DC-64A2-4BDE-82F8-BEA8D5FE09E5}.Release|TwinCAT RT (x86).Build.0 = Release|TwinCAT RT (x86)
		{2E31F79B-D094-4942-A522-793976ED7986}.Debug|TwinCAT OS (ARMV7-A).ActiveCfg = Debug|TwinCAT OS (ARMV7-A)
		{2E31F79B-D094-4942-A522-793976ED7986}.Debug|TwinCAT OS (ARMV7-A).Build.0 = Debug|TwinCAT OS (ARMV7-A)
		{2E31F79B-D094-4942-A522-793976ED7986}.Debug|TwinCAT OS (ARMV7-M).ActiveCfg = Debug|TwinCAT OS (ARMV7-M)
		{2E31F79B-D094-4942-A522-793976ED7986}.Debug|TwinCAT OS (ARMV7-M).Build.0 = Debug|TwinCAT OS (ARMV7-M)
		{2E31F79B-D094-4942-A522-793976ED7986}.Debug|TwinCAT OS (ARMV8-A).ActiveCfg = Debug|TwinCAT OS (ARMV8-A)
		{2E31F79B-D094-4942-A522-793976ED7986}.Debug|TwinCAT OS (ARMV8-A).Build.0 = Debug|TwinCAT OS (ARMV8-A)
		{2E31F79B-D094-4942-A522-793976ED7986}.Debug|TwinCAT OS (x64).ActiveCfg = Debug|TwinCAT OS (x64)
		{2E31F79B-D094-4942-A522-793976ED7986}.Debug|TwinCAT OS (x64).Build.0 = Debug|TwinCAT OS (x64)
		{2E31F79B-D094-4942-A522-793976ED7986}.Debug|TwinCAT RT (x64).ActiveCfg = Debug|TwinCAT RT (x64)
		{2E31F79B-D094-4942-A522-793976ED7986}.Debug|TwinCAT RT (x64).Build.0 = Debug|TwinCAT RT (x64)
		{2E31F79B-D094-4942-A522-793976ED7986}.Debug|TwinCAT RT (x86).ActiveCfg = Debug|TwinCAT RT (x86)
		{2E31F79B-D094-4942-A522-793976ED7986}.Debug|TwinCAT RT (x86).Build.0 = Debug|TwinCAT RT (x86)
		{2E31F79B-D094-4942-A522-793976ED7986}.Release|TwinCAT OS (ARMV7-A).ActiveCfg = Release|TwinCAT OS (ARMV7-A)
		{2E31F79B-D094-4942-A522-793976ED7986}.Release|TwinCAT OS (ARMV7-A).Build.0 = Release|TwinCAT OS (ARMV7-A)
		{2E31F79B-D094-4942-A522-793976ED7986}.Release|TwinCAT OS (ARMV7-M).ActiveCfg = Release|TwinCAT OS (ARMV7-M)
		{2E31F79B-D094-4942-A522-793976ED7986}.Release|TwinCAT OS (ARMV7-M).Build.0 = Release|TwinCAT OS (ARMV7-M)
		{2E31F79B-D094-4942-A522-793976ED7986}.Release|TwinCAT OS (ARMV8-A).ActiveCfg = Release|TwinCAT OS (ARMV8-A)
		{2E31F79B-D094-4942-A522-793976ED7986}.Release|TwinCAT OS (ARMV8-A).Build.0 = Release|TwinCAT OS (ARMV8-A)
		{2E31F79B-D094-4942-A522-793976ED7986}.Release|TwinCAT OS (x64).ActiveCfg = Release|TwinCAT OS (x64)
		{2E31F79B-D094-4942-A522-793976ED7986}.Release|TwinCAT OS (x64).Build.0 = Release|TwinCAT OS (x64)
		{2E31F79B-D094-4942-A522-793976ED7986}.Release|TwinCAT RT (x64).ActiveCfg = Release|TwinCAT RT (x64)
		{2E31F79B-D094-4942-A522-793976ED7986}.Release|TwinCAT RT (x64).Build.0 = Release|TwinCAT RT (x64)
		{2E31F79B-D094-4942-A522-793976ED7986}.Release|TwinCAT RT (x86).ActiveCfg = Release|TwinCAT RT (x86)
		{2E31F79B-D094-4942-A522-793976ED7986}.Release|TwinCAT RT (x86).Build.0 = Release|TwinCAT RT (x86)
		{353B1CF8-4DD8-4525-B86E-E100001D0F11}.Debug|TwinCAT OS (ARMV7-A).ActiveCfg = Debug|TwinCAT OS (ARMV7-A)
		{353B1CF8-4DD8-4525-B86E-E100001D0F11}.Debug|TwinCAT OS (ARMV7-A).Build.0 = Debug|TwinCAT OS (ARMV7-A)
		{353B1CF8-4DD8-4525-B86E-E100001D0F11}.Debug|TwinCAT OS (ARMV7-M).ActiveCfg = Debug|TwinCAT OS (ARMV7-M)
		{353B1CF8-4DD8-4525-B86E-E100001D0F11}.Debug|TwinCAT OS (ARMV7-M).Build.0 = Debug|TwinCAT OS (ARMV7-M)
		{353B1CF8-4DD8-4525-B86E-E100001D0F11}.Debug|TwinCAT OS (ARMV8-A).ActiveCfg = Debug|TwinCAT OS (ARMV8-A)
		{353B1CF8-4DD8-4525-B86E-E100001D0F11}.Debug|TwinCAT OS (ARMV8-A).Build.0 = Debug|TwinCAT OS (ARMV8-A)
		{353B1CF8-4DD8-4525-B86E-E100001D0F11}.Debug|TwinCAT OS (x64).ActiveCfg = Debug|TwinCAT OS (x64)
		{353B1CF8-4DD8-4525-B86E-E100001D0F11}.Debug|TwinCAT RT (x64).ActiveCfg = Debug|TwinCAT RT (x64)
		{353B1CF8-4DD8-4525-B86E-E100001D0F11}.Debug|TwinCAT RT (x64).Build.0 = Debug|TwinCAT RT (x64)
		{353B1CF8-4DD8-4525-B86E-E100001D0F11}.Debug|TwinCAT RT (x86).ActiveCfg = Debug|TwinCAT RT (x86)
		{353B1CF8-4DD8-4525-B86E-E100001D0F11}.Debug|TwinCAT RT (x86).Build.0 = Debug|TwinCAT RT (x86)
		{353B1CF8-4DD8-4525-B86E-E100001D0F11}.Release|TwinCAT OS (ARMV7-A).ActiveCfg = Release|TwinCAT OS (ARMV7-A)
		{353B1CF8-4DD8-4525-B86E-E100001D0F11}.Release|TwinCAT OS (ARMV7-A).Build.0 = Release|TwinCAT OS (ARMV7-A)
		{353B1CF8-4DD8-4525-B86E-E100001D0F11}.Release|TwinCAT OS (ARMV7-M).ActiveCfg = Release|TwinCAT OS (ARMV7-M)
		{353B1CF8-4DD8-4525-B86E-E100001D0F11}.Release|TwinCAT OS (ARMV7-M).Build.0 = Release|TwinCAT OS (ARMV7-M)
		{353B1CF8-4DD8-4525-B86E-E100001D0F11}.Release|TwinCAT OS (ARMV8-A).ActiveCfg = Release|TwinCAT OS (ARMV8-A)
		{353B1CF8-4DD8-4525-B86E-E100001D0F11}.Release|TwinCAT OS (ARMV8-A).Build.0 = Release|TwinCAT OS (ARMV8-A)
		{353B1CF8-4DD8-4525-B86E-E100001D0F11}.Release|TwinCAT OS (x64).ActiveCfg = Release|TwinCAT OS (x64)
		{353B1CF8-4DD8-4525-B86E-E100001D0F11}.Release|TwinCAT OS (x64).Build.0 = Release|TwinCAT OS (x64)
		{353B1CF8-4DD8-4525-B86E-E100001D0F11}.Release|TwinCAT RT (x64).ActiveCfg = Release|TwinCAT RT (x64)
		{353B1CF8-4DD8-4525-B86E-E100001D0F11}.Release|TwinCAT RT (x64).Build.0 = Release|TwinCAT RT (x64)
		{353B1CF8-4DD8-4525-B86E-E100001D0F11}.Release|TwinCAT RT (x86).ActiveCfg = Release|TwinCAT RT (x86)
		{353B1CF8-4DD8-4525-B86E-E100001D0F11}.Release|TwinCAT RT (x86).Build.0 = Release|TwinCAT RT (x86)
	EndGlobalSection
	GlobalSection(SolutionProperties) = preSolution
		HideSolutionNode = FALSE
	EndGlobalSection
	GlobalSection(ExtensibilityGlobals) = postSolution
		SolutionGuid = {6507CDF3-785E-4D8E-A88D-2693225E3CF6}
	EndGlobalSection
EndGlobal
